// !$*UTF8*$!
{
	archiveVersion = 1;
	classes = {
	};
	objectVersion = 46;
	objects = {

/* Begin PBXBuildFile section */
		B012DF1F1A806F1D005030D7 /* CoreBluetooth.framework in Frameworks */ = {isa = PBXBuildFile; fileRef = B012DF1E1A806F1D005030D7 /* CoreBluetooth.framework */; };
		B01ECFAC1A7DCCAA0038A948 /* AppDelegate.swift in Sources */ = {isa = PBXBuildFile; fileRef = B01ECFAB1A7DCCAA0038A948 /* AppDelegate.swift */; };
		B01ECFAE1A7DCCAA0038A948 /* ViewController.swift in Sources */ = {isa = PBXBuildFile; fileRef = B01ECFAD1A7DCCAA0038A948 /* ViewController.swift */; };
		B01ECFB11A7DCCAA0038A948 /* Main.storyboard in Resources */ = {isa = PBXBuildFile; fileRef = B01ECFAF1A7DCCAA0038A948 /* Main.storyboard */; };
		B01ECFB31A7DCCAA0038A948 /* Images.xcassets in Resources */ = {isa = PBXBuildFile; fileRef = B01ECFB21A7DCCAA0038A948 /* Images.xcassets */; };
		B01ECFB61A7DCCAA0038A948 /* LaunchScreen.xib in Resources */ = {isa = PBXBuildFile; fileRef = B01ECFB41A7DCCAA0038A948 /* LaunchScreen.xib */; };
		B01ECFC21A7DCCAA0038A948 /* Beacon_SmasherTests.swift in Sources */ = {isa = PBXBuildFile; fileRef = B01ECFC11A7DCCAA0038A948 /* Beacon_SmasherTests.swift */; };
		B03EC3C61A7F314100D21881 /* BeaconController.swift in Sources */ = {isa = PBXBuildFile; fileRef = B03EC3C51A7F314100D21881 /* BeaconController.swift */; };
		B0E9D5861A808A2600220133 /* BeaconManager.m in Sources */ = {isa = PBXBuildFile; fileRef = B0E9D56B1A808A2600220133 /* BeaconManager.m */; };
		B0E9D5871A808A2600220133 /* DartleAPI.m in Sources */ = {isa = PBXBuildFile; fileRef = B0E9D56E1A808A2600220133 /* DartleAPI.m */; };
		B0E9D5881A808A2600220133 /* DartleBeacon.m in Sources */ = {isa = PBXBuildFile; fileRef = B0E9D5701A808A2600220133 /* DartleBeacon.m */; };
		B0E9D5891A808A2600220133 /* DartleBeaconRegion.m in Sources */ = {isa = PBXBuildFile; fileRef = B0E9D5721A808A2600220133 /* DartleBeaconRegion.m */; };
		B0E9D58A1A808A2600220133 /* DartleManager.m in Sources */ = {isa = PBXBuildFile; fileRef = B0E9D5741A808A2600220133 /* DartleManager.m */; };
		B0E9D58B1A808A2600220133 /* DartleSDK.m in Sources */ = {isa = PBXBuildFile; fileRef = B0E9D5761A808A2600220133 /* DartleSDK.m */; };
		B0E9D58C1A808A2600220133 /* DartleUtility.m in Sources */ = {isa = PBXBuildFile; fileRef = B0E9D5781A808A2600220133 /* DartleUtility.m */; };
		B0E9D58D1A808A2600220133 /* OAuthHandler.m in Sources */ = {isa = PBXBuildFile; fileRef = B0E9D57A1A808A2600220133 /* OAuthHandler.m */; };
		B0E9D58E1A808A2600220133 /* RestHandler.m in Sources */ = {isa = PBXBuildFile; fileRef = B0E9D57C1A808A2600220133 /* RestHandler.m */; };
		B0E9D58F1A808A2600220133 /* DartleSDK.podspec in Resources */ = {isa = PBXBuildFile; fileRef = B0E9D57D1A808A2600220133 /* DartleSDK.podspec */; };
		B0E9D5901A808A2600220133 /* DartleSDKTests.m in Sources */ = {isa = PBXBuildFile; fileRef = B0E9D5821A808A2600220133 /* DartleSDKTests.m */; };
		B0E9D5911A808A2600220133 /* Info.plist in Resources */ = {isa = PBXBuildFile; fileRef = B0E9D5831A808A2600220133 /* Info.plist */; };
		B0E9D5921A808A2600220133 /* Podfile in Resources */ = {isa = PBXBuildFile; fileRef = B0E9D5841A808A2600220133 /* Podfile */; };
		B0E9D5931A808A2600220133 /* README.md in Sources */ = {isa = PBXBuildFile; fileRef = B0E9D5851A808A2600220133 /* README.md */; };
		B0E9D5C91A808DBD00220133 /* build.sh in Resources */ = {isa = PBXBuildFile; fileRef = B0E9D5981A808DBD00220133 /* build.sh */; };
		B0E9D5CA1A808DBD00220133 /* array.json in Resources */ = {isa = PBXBuildFile; fileRef = B0E9D59A1A808DBD00220133 /* array.json */; };
		B0E9D5CB1A808DBD00220133 /* dictionary.json in Resources */ = {isa = PBXBuildFile; fileRef = B0E9D59B1A808DBD00220133 /* dictionary.json */; };
		B0E9D5CC1A808DBD00220133 /* plain.text in Sources */ = {isa = PBXBuildFile; fileRef = B0E9D59C1A808DBD00220133 /* plain.text */; };
		B0E9D5CD1A808DBD00220133 /* ACAccountStore+Promise.swift in Sources */ = {isa = PBXBuildFile; fileRef = B0E9D5A21A808DBD00220133 /* ACAccountStore+Promise.swift */; };
		B0E9D5CE1A808DBD00220133 /* after.swift in Sources */ = {isa = PBXBuildFile; fileRef = B0E9D5A31A808DBD00220133 /* after.swift */; };
		B0E9D5CF1A808DBD00220133 /* AVAudioSession.swift in Sources */ = {isa = PBXBuildFile; fileRef = B0E9D5A41A808DBD00220133 /* AVAudioSession.swift */; };
		B0E9D5D01A808DBD00220133 /* CKContainer+Promise.swift in Sources */ = {isa = PBXBuildFile; fileRef = B0E9D5A51A808DBD00220133 /* CKContainer+Promise.swift */; };
		B0E9D5D11A808DBD00220133 /* CKDatabase+Promise.swift in Sources */ = {isa = PBXBuildFile; fileRef = B0E9D5A61A808DBD00220133 /* CKDatabase+Promise.swift */; };
		B0E9D5D21A808DBD00220133 /* CLGeocoder+Promise.swift in Sources */ = {isa = PBXBuildFile; fileRef = B0E9D5A71A808DBD00220133 /* CLGeocoder+Promise.swift */; };
		B0E9D5D31A808DBD00220133 /* CLLocationManager+Promise.swift in Sources */ = {isa = PBXBuildFile; fileRef = B0E9D5A81A808DBD00220133 /* CLLocationManager+Promise.swift */; };
		B0E9D5D41A808DBD00220133 /* constants.swift in Sources */ = {isa = PBXBuildFile; fileRef = B0E9D5A91A808DBD00220133 /* constants.swift */; };
		B0E9D5D51A808DBD00220133 /* misc.swift in Sources */ = {isa = PBXBuildFile; fileRef = B0E9D5AA1A808DBD00220133 /* misc.swift */; };
		B0E9D5D61A808DBD00220133 /* MKDirections+Promise.swift in Sources */ = {isa = PBXBuildFile; fileRef = B0E9D5AB1A808DBD00220133 /* MKDirections+Promise.swift */; };
		B0E9D5D71A808DBD00220133 /* MKMapSnapshotter+Promise.swift in Sources */ = {isa = PBXBuildFile; fileRef = B0E9D5AC1A808DBD00220133 /* MKMapSnapshotter+Promise.swift */; };
		B0E9D5D81A808DBD00220133 /* NSFileManager+Promise.swift in Sources */ = {isa = PBXBuildFile; fileRef = B0E9D5AD1A808DBD00220133 /* NSFileManager+Promise.swift */; };
		B0E9D5D91A808DBD00220133 /* NSNotificationCenter+Promise.swift in Sources */ = {isa = PBXBuildFile; fileRef = B0E9D5AE1A808DBD00220133 /* NSNotificationCenter+Promise.swift */; };
		B0E9D5DA1A808DBD00220133 /* NSURLConnection+Promise.swift in Sources */ = {isa = PBXBuildFile; fileRef = B0E9D5AF1A808DBD00220133 /* NSURLConnection+Promise.swift */; };
		B0E9D5DB1A808DBD00220133 /* OMGHTTPURLRQ.m in Sources */ = {isa = PBXBuildFile; fileRef = B0E9D5B01A808DBD00220133 /* OMGHTTPURLRQ.m */; };
		B0E9D5DC1A808DBD00220133 /* OMGUserAgent.m in Sources */ = {isa = PBXBuildFile; fileRef = B0E9D5B11A808DBD00220133 /* OMGUserAgent.m */; };
		B0E9D5DD1A808DBD00220133 /* Promise.swift in Sources */ = {isa = PBXBuildFile; fileRef = B0E9D5B21A808DBD00220133 /* Promise.swift */; };
		B0E9D5DE1A808DBD00220133 /* SKRequest+Promise.swift in Sources */ = {isa = PBXBuildFile; fileRef = B0E9D5B41A808DBD00220133 /* SKRequest+Promise.swift */; };
		B0E9D5DF1A808DBD00220133 /* SLRequest+Promise.swift in Sources */ = {isa = PBXBuildFile; fileRef = B0E9D5B51A808DBD00220133 /* SLRequest+Promise.swift */; };
		B0E9D5E01A808DBD00220133 /* UIActionSheet+Promise.swift in Sources */ = {isa = PBXBuildFile; fileRef = B0E9D5B61A808DBD00220133 /* UIActionSheet+Promise.swift */; };
		B0E9D5E11A808DBD00220133 /* UIAlertView+Promise.swift in Sources */ = {isa = PBXBuildFile; fileRef = B0E9D5B71A808DBD00220133 /* UIAlertView+Promise.swift */; };
		B0E9D5E21A808DBD00220133 /* UIView+Promise.swift in Sources */ = {isa = PBXBuildFile; fileRef = B0E9D5B81A808DBD00220133 /* UIView+Promise.swift */; };
		B0E9D5E31A808DBD00220133 /* UIViewController+Promise.swift in Sources */ = {isa = PBXBuildFile; fileRef = B0E9D5B91A808DBD00220133 /* UIViewController+Promise.swift */; };
		B0E9D5E41A808DBD00220133 /* when.swift in Sources */ = {isa = PBXBuildFile; fileRef = B0E9D5BA1A808DBD00220133 /* when.swift */; };
		B0E9D5E51A808DBD00220133 /* NSURLConnection+Promise.test.swift in Sources */ = {isa = PBXBuildFile; fileRef = B0E9D5BC1A808DBD00220133 /* NSURLConnection+Promise.test.swift */; };
		B0E9D5E61A808DBD00220133 /* Promise.test.swift in Sources */ = {isa = PBXBuildFile; fileRef = B0E9D5BD1A808DBD00220133 /* Promise.test.swift */; };
		B0E9D5E71A808DBD00220133 /* 2.1.2.swift in Sources */ = {isa = PBXBuildFile; fileRef = B0E9D5BF1A808DBD00220133 /* 2.1.2.swift */; };
		B0E9D5E81A808DBD00220133 /* 2.1.3.swift in Sources */ = {isa = PBXBuildFile; fileRef = B0E9D5C01A808DBD00220133 /* 2.1.3.swift */; };
		B0E9D5E91A808DBD00220133 /* 2.2.2.swift in Sources */ = {isa = PBXBuildFile; fileRef = B0E9D5C11A808DBD00220133 /* 2.2.2.swift */; };
		B0E9D5EA1A808DBD00220133 /* 2.2.3.swift in Sources */ = {isa = PBXBuildFile; fileRef = B0E9D5C21A808DBD00220133 /* 2.2.3.swift */; };
		B0E9D5EB1A808DBD00220133 /* 2.2.4.swift in Sources */ = {isa = PBXBuildFile; fileRef = B0E9D5C31A808DBD00220133 /* 2.2.4.swift */; };
		B0E9D5EC1A808DBD00220133 /* 2.2.6.swift in Sources */ = {isa = PBXBuildFile; fileRef = B0E9D5C41A808DBD00220133 /* 2.2.6.swift */; };
		B0E9D5ED1A808DBD00220133 /* 2.3.2.swift in Sources */ = {isa = PBXBuildFile; fileRef = B0E9D5C51A808DBD00220133 /* 2.3.2.swift */; };
		B0E9D5EE1A808DBD00220133 /* 2.3.3.swift in Sources */ = {isa = PBXBuildFile; fileRef = B0E9D5C61A808DBD00220133 /* 2.3.3.swift */; };
		B0E9D5EF1A808DBD00220133 /* 2.3.4.swift in Sources */ = {isa = PBXBuildFile; fileRef = B0E9D5C71A808DBD00220133 /* 2.3.4.swift */; };
		B0E9D5F01A808DBD00220133 /* test-utils.swift in Sources */ = {isa = PBXBuildFile; fileRef = B0E9D5C81A808DBD00220133 /* test-utils.swift */; };
/* End PBXBuildFile section */

/* Begin PBXContainerItemProxy section */
		B01ECFBC1A7DCCAA0038A948 /* PBXContainerItemProxy */ = {
			isa = PBXContainerItemProxy;
			containerPortal = B01ECF9E1A7DCCAA0038A948 /* Project object */;
			proxyType = 1;
			remoteGlobalIDString = B01ECFA51A7DCCAA0038A948;
			remoteInfo = "Beacon Smasher";
		};
		B0E9D5951A808A2600220133 /* PBXContainerItemProxy */ = {
			isa = PBXContainerItemProxy;
			containerPortal = B0E9D57E1A808A2600220133 /* DartleSDK.xcodeproj */;
			proxyType = 2;
			remoteGlobalIDString = B48FCA2E1A0789B8006458BD;
			remoteInfo = DartleSDK;
		};
		B0E9D5F41A808DBD00220133 /* PBXContainerItemProxy */ = {
			isa = PBXContainerItemProxy;
			containerPortal = B0E9D59E1A808DBD00220133 /* PromiseKit.xcodeproj */;
			proxyType = 2;
			remoteGlobalIDString = 637D0F1119437D4C0059AD78;
			remoteInfo = PromiseKit;
		};
		B0E9D5F61A808DBD00220133 /* PBXContainerItemProxy */ = {
			isa = PBXContainerItemProxy;
			containerPortal = B0E9D59E1A808DBD00220133 /* PromiseKit.xcodeproj */;
			proxyType = 2;
			remoteGlobalIDString = 637D0F1219437D4C0059AD78;
			remoteInfo = PromiseKitTests;
		};
		B0E9D5F81A808DBD00220133 /* PBXContainerItemProxy */ = {
			isa = PBXContainerItemProxy;
			containerPortal = B0E9D59E1A808DBD00220133 /* PromiseKit.xcodeproj */;
			proxyType = 2;
			remoteGlobalIDString = 637D0F1019437D4C0059AD78;
			remoteInfo = PMKDemo;
		};
/* End PBXContainerItemProxy section */

/* Begin PBXFileReference section */
		B012DF1E1A806F1D005030D7 /* CoreBluetooth.framework */ = {isa = PBXFileReference; lastKnownFileType = wrapper.framework; name = CoreBluetooth.framework; path = System/Library/Frameworks/CoreBluetooth.framework; sourceTree = SDKROOT; };
		B01ECFA61A7DCCAA0038A948 /* Beacon Smasher.app */ = {isa = PBXFileReference; explicitFileType = wrapper.application; includeInIndex = 0; path = "Beacon Smasher.app"; sourceTree = BUILT_PRODUCTS_DIR; };
		B01ECFAA1A7DCCAA0038A948 /* Info.plist */ = {isa = PBXFileReference; lastKnownFileType = text.plist.xml; path = Info.plist; sourceTree = "<group>"; };
		B01ECFAB1A7DCCAA0038A948 /* AppDelegate.swift */ = {isa = PBXFileReference; lastKnownFileType = sourcecode.swift; path = AppDelegate.swift; sourceTree = "<group>"; };
		B01ECFAD1A7DCCAA0038A948 /* ViewController.swift */ = {isa = PBXFileReference; lastKnownFileType = sourcecode.swift; path = ViewController.swift; sourceTree = "<group>"; };
		B01ECFB01A7DCCAA0038A948 /* Base */ = {isa = PBXFileReference; lastKnownFileType = file.storyboard; name = Base; path = Base.lproj/Main.storyboard; sourceTree = "<group>"; };
		B01ECFB21A7DCCAA0038A948 /* Images.xcassets */ = {isa = PBXFileReference; lastKnownFileType = folder.assetcatalog; path = Images.xcassets; sourceTree = "<group>"; };
		B01ECFB51A7DCCAA0038A948 /* Base */ = {isa = PBXFileReference; lastKnownFileType = file.xib; name = Base; path = Base.lproj/LaunchScreen.xib; sourceTree = "<group>"; };
		B01ECFBB1A7DCCAA0038A948 /* Beacon SmasherTests.xctest */ = {isa = PBXFileReference; explicitFileType = wrapper.cfbundle; includeInIndex = 0; path = "Beacon SmasherTests.xctest"; sourceTree = BUILT_PRODUCTS_DIR; };
		B01ECFC01A7DCCAA0038A948 /* Info.plist */ = {isa = PBXFileReference; lastKnownFileType = text.plist.xml; path = Info.plist; sourceTree = "<group>"; };
		B01ECFC11A7DCCAA0038A948 /* Beacon_SmasherTests.swift */ = {isa = PBXFileReference; lastKnownFileType = sourcecode.swift; path = Beacon_SmasherTests.swift; sourceTree = "<group>"; };
		B03EC3C51A7F314100D21881 /* BeaconController.swift */ = {isa = PBXFileReference; fileEncoding = 4; lastKnownFileType = sourcecode.swift; path = BeaconController.swift; sourceTree = "<group>"; };
		B0E9D56A1A808A2600220133 /* BeaconManager.h */ = {isa = PBXFileReference; fileEncoding = 4; lastKnownFileType = sourcecode.c.h; path = BeaconManager.h; sourceTree = "<group>"; };
		B0E9D56B1A808A2600220133 /* BeaconManager.m */ = {isa = PBXFileReference; fileEncoding = 4; lastKnownFileType = sourcecode.c.objc; path = BeaconManager.m; sourceTree = "<group>"; };
		B0E9D56C1A808A2600220133 /* Constants.h */ = {isa = PBXFileReference; fileEncoding = 4; lastKnownFileType = sourcecode.c.h; path = Constants.h; sourceTree = "<group>"; };
		B0E9D56D1A808A2600220133 /* DartleAPI.h */ = {isa = PBXFileReference; fileEncoding = 4; lastKnownFileType = sourcecode.c.h; path = DartleAPI.h; sourceTree = "<group>"; };
		B0E9D56E1A808A2600220133 /* DartleAPI.m */ = {isa = PBXFileReference; fileEncoding = 4; lastKnownFileType = sourcecode.c.objc; path = DartleAPI.m; sourceTree = "<group>"; };
		B0E9D56F1A808A2600220133 /* DartleBeacon.h */ = {isa = PBXFileReference; fileEncoding = 4; lastKnownFileType = sourcecode.c.h; path = DartleBeacon.h; sourceTree = "<group>"; };
		B0E9D5701A808A2600220133 /* DartleBeacon.m */ = {isa = PBXFileReference; fileEncoding = 4; lastKnownFileType = sourcecode.c.objc; path = DartleBeacon.m; sourceTree = "<group>"; };
		B0E9D5711A808A2600220133 /* DartleBeaconRegion.h */ = {isa = PBXFileReference; fileEncoding = 4; lastKnownFileType = sourcecode.c.h; path = DartleBeaconRegion.h; sourceTree = "<group>"; };
		B0E9D5721A808A2600220133 /* DartleBeaconRegion.m */ = {isa = PBXFileReference; fileEncoding = 4; lastKnownFileType = sourcecode.c.objc; path = DartleBeaconRegion.m; sourceTree = "<group>"; };
		B0E9D5731A808A2600220133 /* DartleManager.h */ = {isa = PBXFileReference; fileEncoding = 4; lastKnownFileType = sourcecode.c.h; path = DartleManager.h; sourceTree = "<group>"; };
		B0E9D5741A808A2600220133 /* DartleManager.m */ = {isa = PBXFileReference; fileEncoding = 4; lastKnownFileType = sourcecode.c.objc; path = DartleManager.m; sourceTree = "<group>"; };
		B0E9D5751A808A2600220133 /* DartleSDK.h */ = {isa = PBXFileReference; fileEncoding = 4; lastKnownFileType = sourcecode.c.h; path = DartleSDK.h; sourceTree = "<group>"; };
		B0E9D5761A808A2600220133 /* DartleSDK.m */ = {isa = PBXFileReference; fileEncoding = 4; lastKnownFileType = sourcecode.c.objc; path = DartleSDK.m; sourceTree = "<group>"; };
		B0E9D5771A808A2600220133 /* DartleUtility.h */ = {isa = PBXFileReference; fileEncoding = 4; lastKnownFileType = sourcecode.c.h; path = DartleUtility.h; sourceTree = "<group>"; };
		B0E9D5781A808A2600220133 /* DartleUtility.m */ = {isa = PBXFileReference; fileEncoding = 4; lastKnownFileType = sourcecode.c.objc; path = DartleUtility.m; sourceTree = "<group>"; };
		B0E9D5791A808A2600220133 /* OAuthHandler.h */ = {isa = PBXFileReference; fileEncoding = 4; lastKnownFileType = sourcecode.c.h; path = OAuthHandler.h; sourceTree = "<group>"; };
		B0E9D57A1A808A2600220133 /* OAuthHandler.m */ = {isa = PBXFileReference; fileEncoding = 4; lastKnownFileType = sourcecode.c.objc; path = OAuthHandler.m; sourceTree = "<group>"; };
		B0E9D57B1A808A2600220133 /* RestHandler.h */ = {isa = PBXFileReference; fileEncoding = 4; lastKnownFileType = sourcecode.c.h; path = RestHandler.h; sourceTree = "<group>"; };
		B0E9D57C1A808A2600220133 /* RestHandler.m */ = {isa = PBXFileReference; fileEncoding = 4; lastKnownFileType = sourcecode.c.objc; path = RestHandler.m; sourceTree = "<group>"; };
		B0E9D57D1A808A2600220133 /* DartleSDK.podspec */ = {isa = PBXFileReference; fileEncoding = 4; lastKnownFileType = text; path = DartleSDK.podspec; sourceTree = "<group>"; };
		B0E9D57E1A808A2600220133 /* DartleSDK.xcodeproj */ = {isa = PBXFileReference; lastKnownFileType = "wrapper.pb-project"; path = DartleSDK.xcodeproj; sourceTree = "<group>"; };
		B0E9D5821A808A2600220133 /* DartleSDKTests.m */ = {isa = PBXFileReference; fileEncoding = 4; lastKnownFileType = sourcecode.c.objc; path = DartleSDKTests.m; sourceTree = "<group>"; };
		B0E9D5831A808A2600220133 /* Info.plist */ = {isa = PBXFileReference; fileEncoding = 4; lastKnownFileType = text.plist.xml; path = Info.plist; sourceTree = "<group>"; };
		B0E9D5841A808A2600220133 /* Podfile */ = {isa = PBXFileReference; fileEncoding = 4; lastKnownFileType = text; path = Podfile; sourceTree = "<group>"; };
		B0E9D5851A808A2600220133 /* README.md */ = {isa = PBXFileReference; fileEncoding = 4; lastKnownFileType = net.daringfireball.markdown; path = README.md; sourceTree = "<group>"; };
		B0E9D5981A808DBD00220133 /* build.sh */ = {isa = PBXFileReference; fileEncoding = 4; lastKnownFileType = text.script.sh; path = build.sh; sourceTree = "<group>"; };
		B0E9D59A1A808DBD00220133 /* array.json */ = {isa = PBXFileReference; fileEncoding = 4; lastKnownFileType = text.json; path = array.json; sourceTree = "<group>"; };
		B0E9D59B1A808DBD00220133 /* dictionary.json */ = {isa = PBXFileReference; fileEncoding = 4; lastKnownFileType = text.json; path = dictionary.json; sourceTree = "<group>"; };
		B0E9D59C1A808DBD00220133 /* plain.text */ = {isa = PBXFileReference; fileEncoding = 4; lastKnownFileType = net.daringfireball.markdown; path = plain.text; sourceTree = "<group>"; };
		B0E9D59D1A808DBD00220133 /* PMK.playground */ = {isa = PBXFileReference; lastKnownFileType = file.playground; path = PMK.playground; sourceTree = "<group>"; };
		B0E9D59E1A808DBD00220133 /* PromiseKit.xcodeproj */ = {isa = PBXFileReference; lastKnownFileType = "wrapper.pb-project"; path = PromiseKit.xcodeproj; sourceTree = "<group>"; };
		B0E9D5A21A808DBD00220133 /* ACAccountStore+Promise.swift */ = {isa = PBXFileReference; fileEncoding = 4; lastKnownFileType = sourcecode.swift; path = "ACAccountStore+Promise.swift"; sourceTree = "<group>"; };
		B0E9D5A31A808DBD00220133 /* after.swift */ = {isa = PBXFileReference; fileEncoding = 4; lastKnownFileType = sourcecode.swift; path = after.swift; sourceTree = "<group>"; };
		B0E9D5A41A808DBD00220133 /* AVAudioSession.swift */ = {isa = PBXFileReference; fileEncoding = 4; lastKnownFileType = sourcecode.swift; path = AVAudioSession.swift; sourceTree = "<group>"; };
		B0E9D5A51A808DBD00220133 /* CKContainer+Promise.swift */ = {isa = PBXFileReference; fileEncoding = 4; lastKnownFileType = sourcecode.swift; path = "CKContainer+Promise.swift"; sourceTree = "<group>"; };
		B0E9D5A61A808DBD00220133 /* CKDatabase+Promise.swift */ = {isa = PBXFileReference; fileEncoding = 4; lastKnownFileType = sourcecode.swift; path = "CKDatabase+Promise.swift"; sourceTree = "<group>"; };
		B0E9D5A71A808DBD00220133 /* CLGeocoder+Promise.swift */ = {isa = PBXFileReference; fileEncoding = 4; lastKnownFileType = sourcecode.swift; path = "CLGeocoder+Promise.swift"; sourceTree = "<group>"; };
		B0E9D5A81A808DBD00220133 /* CLLocationManager+Promise.swift */ = {isa = PBXFileReference; fileEncoding = 4; lastKnownFileType = sourcecode.swift; path = "CLLocationManager+Promise.swift"; sourceTree = "<group>"; };
		B0E9D5A91A808DBD00220133 /* constants.swift */ = {isa = PBXFileReference; fileEncoding = 4; lastKnownFileType = sourcecode.swift; path = constants.swift; sourceTree = "<group>"; };
		B0E9D5AA1A808DBD00220133 /* misc.swift */ = {isa = PBXFileReference; fileEncoding = 4; lastKnownFileType = sourcecode.swift; path = misc.swift; sourceTree = "<group>"; };
		B0E9D5AB1A808DBD00220133 /* MKDirections+Promise.swift */ = {isa = PBXFileReference; fileEncoding = 4; lastKnownFileType = sourcecode.swift; path = "MKDirections+Promise.swift"; sourceTree = "<group>"; };
		B0E9D5AC1A808DBD00220133 /* MKMapSnapshotter+Promise.swift */ = {isa = PBXFileReference; fileEncoding = 4; lastKnownFileType = sourcecode.swift; path = "MKMapSnapshotter+Promise.swift"; sourceTree = "<group>"; };
		B0E9D5AD1A808DBD00220133 /* NSFileManager+Promise.swift */ = {isa = PBXFileReference; fileEncoding = 4; lastKnownFileType = sourcecode.swift; path = "NSFileManager+Promise.swift"; sourceTree = "<group>"; };
		B0E9D5AE1A808DBD00220133 /* NSNotificationCenter+Promise.swift */ = {isa = PBXFileReference; fileEncoding = 4; lastKnownFileType = sourcecode.swift; path = "NSNotificationCenter+Promise.swift"; sourceTree = "<group>"; };
		B0E9D5AF1A808DBD00220133 /* NSURLConnection+Promise.swift */ = {isa = PBXFileReference; fileEncoding = 4; lastKnownFileType = sourcecode.swift; path = "NSURLConnection+Promise.swift"; sourceTree = "<group>"; };
		B0E9D5B01A808DBD00220133 /* OMGHTTPURLRQ.m */ = {isa = PBXFileReference; fileEncoding = 4; lastKnownFileType = sourcecode.c.objc; path = OMGHTTPURLRQ.m; sourceTree = "<group>"; };
		B0E9D5B11A808DBD00220133 /* OMGUserAgent.m */ = {isa = PBXFileReference; fileEncoding = 4; lastKnownFileType = sourcecode.c.objc; path = OMGUserAgent.m; sourceTree = "<group>"; };
		B0E9D5B21A808DBD00220133 /* Promise.swift */ = {isa = PBXFileReference; fileEncoding = 4; lastKnownFileType = sourcecode.swift; path = Promise.swift; sourceTree = "<group>"; };
		B0E9D5B31A808DBD00220133 /* PromiseKit.h */ = {isa = PBXFileReference; fileEncoding = 4; lastKnownFileType = sourcecode.c.h; path = PromiseKit.h; sourceTree = "<group>"; };
		B0E9D5B41A808DBD00220133 /* SKRequest+Promise.swift */ = {isa = PBXFileReference; fileEncoding = 4; lastKnownFileType = sourcecode.swift; path = "SKRequest+Promise.swift"; sourceTree = "<group>"; };
		B0E9D5B51A808DBD00220133 /* SLRequest+Promise.swift */ = {isa = PBXFileReference; fileEncoding = 4; lastKnownFileType = sourcecode.swift; path = "SLRequest+Promise.swift"; sourceTree = "<group>"; };
		B0E9D5B61A808DBD00220133 /* UIActionSheet+Promise.swift */ = {isa = PBXFileReference; fileEncoding = 4; lastKnownFileType = sourcecode.swift; path = "UIActionSheet+Promise.swift"; sourceTree = "<group>"; };
		B0E9D5B71A808DBD00220133 /* UIAlertView+Promise.swift */ = {isa = PBXFileReference; fileEncoding = 4; lastKnownFileType = sourcecode.swift; path = "UIAlertView+Promise.swift"; sourceTree = "<group>"; };
		B0E9D5B81A808DBD00220133 /* UIView+Promise.swift */ = {isa = PBXFileReference; fileEncoding = 4; lastKnownFileType = sourcecode.swift; path = "UIView+Promise.swift"; sourceTree = "<group>"; };
		B0E9D5B91A808DBD00220133 /* UIViewController+Promise.swift */ = {isa = PBXFileReference; fileEncoding = 4; lastKnownFileType = sourcecode.swift; path = "UIViewController+Promise.swift"; sourceTree = "<group>"; };
		B0E9D5BA1A808DBD00220133 /* when.swift */ = {isa = PBXFileReference; fileEncoding = 4; lastKnownFileType = sourcecode.swift; path = when.swift; sourceTree = "<group>"; };
		B0E9D5BC1A808DBD00220133 /* NSURLConnection+Promise.test.swift */ = {isa = PBXFileReference; fileEncoding = 4; lastKnownFileType = sourcecode.swift; path = "NSURLConnection+Promise.test.swift"; sourceTree = "<group>"; };
		B0E9D5BD1A808DBD00220133 /* Promise.test.swift */ = {isa = PBXFileReference; fileEncoding = 4; lastKnownFileType = sourcecode.swift; path = Promise.test.swift; sourceTree = "<group>"; };
		B0E9D5BF1A808DBD00220133 /* 2.1.2.swift */ = {isa = PBXFileReference; fileEncoding = 4; lastKnownFileType = sourcecode.swift; path = 2.1.2.swift; sourceTree = "<group>"; };
		B0E9D5C01A808DBD00220133 /* 2.1.3.swift */ = {isa = PBXFileReference; fileEncoding = 4; lastKnownFileType = sourcecode.swift; path = 2.1.3.swift; sourceTree = "<group>"; };
		B0E9D5C11A808DBD00220133 /* 2.2.2.swift */ = {isa = PBXFileReference; fileEncoding = 4; lastKnownFileType = sourcecode.swift; path = 2.2.2.swift; sourceTree = "<group>"; };
		B0E9D5C21A808DBD00220133 /* 2.2.3.swift */ = {isa = PBXFileReference; fileEncoding = 4; lastKnownFileType = sourcecode.swift; path = 2.2.3.swift; sourceTree = "<group>"; };
		B0E9D5C31A808DBD00220133 /* 2.2.4.swift */ = {isa = PBXFileReference; fileEncoding = 4; lastKnownFileType = sourcecode.swift; path = 2.2.4.swift; sourceTree = "<group>"; };
		B0E9D5C41A808DBD00220133 /* 2.2.6.swift */ = {isa = PBXFileReference; fileEncoding = 4; lastKnownFileType = sourcecode.swift; path = 2.2.6.swift; sourceTree = "<group>"; };
		B0E9D5C51A808DBD00220133 /* 2.3.2.swift */ = {isa = PBXFileReference; fileEncoding = 4; lastKnownFileType = sourcecode.swift; path = 2.3.2.swift; sourceTree = "<group>"; };
		B0E9D5C61A808DBD00220133 /* 2.3.3.swift */ = {isa = PBXFileReference; fileEncoding = 4; lastKnownFileType = sourcecode.swift; path = 2.3.3.swift; sourceTree = "<group>"; };
		B0E9D5C71A808DBD00220133 /* 2.3.4.swift */ = {isa = PBXFileReference; fileEncoding = 4; lastKnownFileType = sourcecode.swift; path = 2.3.4.swift; sourceTree = "<group>"; };
		B0E9D5C81A808DBD00220133 /* test-utils.swift */ = {isa = PBXFileReference; fileEncoding = 4; lastKnownFileType = sourcecode.swift; path = "test-utils.swift"; sourceTree = "<group>"; };
/* End PBXFileReference section */

/* Begin PBXFrameworksBuildPhase section */
		B01ECFA31A7DCCAA0038A948 /* Frameworks */ = {
			isa = PBXFrameworksBuildPhase;
			buildActionMask = 2147483647;
			files = (
				B012DF1F1A806F1D005030D7 /* CoreBluetooth.framework in Frameworks */,
			);
			runOnlyForDeploymentPostprocessing = 0;
		};
		B01ECFB81A7DCCAA0038A948 /* Frameworks */ = {
			isa = PBXFrameworksBuildPhase;
			buildActionMask = 2147483647;
			files = (
			);
			runOnlyForDeploymentPostprocessing = 0;
		};
/* End PBXFrameworksBuildPhase section */

/* Begin PBXGroup section */
		B01ECF9D1A7DCCAA0038A948 = {
			isa = PBXGroup;
			children = (
				B0E9D5971A808DBD00220133 /* swift */,
				B0E9D5681A808A2600220133 /* nfnty_admin-dartlesdk_ios-0e23d54c420d */,
				B012DF1E1A806F1D005030D7 /* CoreBluetooth.framework */,
				B01ECFA81A7DCCAA0038A948 /* Beacon Smasher */,
				B01ECFBE1A7DCCAA0038A948 /* Beacon SmasherTests */,
				B01ECFA71A7DCCAA0038A948 /* Products */,
			);
			sourceTree = "<group>";
		};
		B01ECFA71A7DCCAA0038A948 /* Products */ = {
			isa = PBXGroup;
			children = (
				B01ECFA61A7DCCAA0038A948 /* Beacon Smasher.app */,
				B01ECFBB1A7DCCAA0038A948 /* Beacon SmasherTests.xctest */,
			);
			name = Products;
			sourceTree = "<group>";
		};
		B01ECFA81A7DCCAA0038A948 /* Beacon Smasher */ = {
			isa = PBXGroup;
			children = (
				B01ECFAB1A7DCCAA0038A948 /* AppDelegate.swift */,
				B01ECFAD1A7DCCAA0038A948 /* ViewController.swift */,
				B01ECFAF1A7DCCAA0038A948 /* Main.storyboard */,
				B01ECFB21A7DCCAA0038A948 /* Images.xcassets */,
				B01ECFB41A7DCCAA0038A948 /* LaunchScreen.xib */,
				B01ECFA91A7DCCAA0038A948 /* Supporting Files */,
				B03EC3C51A7F314100D21881 /* BeaconController.swift */,
			);
			path = "Beacon Smasher";
			sourceTree = "<group>";
		};
		B01ECFA91A7DCCAA0038A948 /* Supporting Files */ = {
			isa = PBXGroup;
			children = (
				B01ECFAA1A7DCCAA0038A948 /* Info.plist */,
			);
			name = "Supporting Files";
			sourceTree = "<group>";
		};
		B01ECFBE1A7DCCAA0038A948 /* Beacon SmasherTests */ = {
			isa = PBXGroup;
			children = (
				B01ECFC11A7DCCAA0038A948 /* Beacon_SmasherTests.swift */,
				B01ECFBF1A7DCCAA0038A948 /* Supporting Files */,
			);
			path = "Beacon SmasherTests";
			sourceTree = "<group>";
		};
		B01ECFBF1A7DCCAA0038A948 /* Supporting Files */ = {
			isa = PBXGroup;
			children = (
				B01ECFC01A7DCCAA0038A948 /* Info.plist */,
			);
			name = "Supporting Files";
			sourceTree = "<group>";
		};
		B0E9D5681A808A2600220133 /* nfnty_admin-dartlesdk_ios-0e23d54c420d */ = {
			isa = PBXGroup;
			children = (
				B0E9D5691A808A2600220133 /* DartleSDK */,
				B0E9D57D1A808A2600220133 /* DartleSDK.podspec */,
				B0E9D57E1A808A2600220133 /* DartleSDK.xcodeproj */,
				B0E9D5811A808A2600220133 /* DartleSDKTests */,
				B0E9D5841A808A2600220133 /* Podfile */,
				B0E9D5851A808A2600220133 /* README.md */,
			);
			path = "nfnty_admin-dartlesdk_ios-0e23d54c420d";
			sourceTree = "<group>";
		};
		B0E9D5691A808A2600220133 /* DartleSDK */ = {
			isa = PBXGroup;
			children = (
				B0E9D56A1A808A2600220133 /* BeaconManager.h */,
				B0E9D56B1A808A2600220133 /* BeaconManager.m */,
				B0E9D56C1A808A2600220133 /* Constants.h */,
				B0E9D56D1A808A2600220133 /* DartleAPI.h */,
				B0E9D56E1A808A2600220133 /* DartleAPI.m */,
				B0E9D56F1A808A2600220133 /* DartleBeacon.h */,
				B0E9D5701A808A2600220133 /* DartleBeacon.m */,
				B0E9D5711A808A2600220133 /* DartleBeaconRegion.h */,
				B0E9D5721A808A2600220133 /* DartleBeaconRegion.m */,
				B0E9D5731A808A2600220133 /* DartleManager.h */,
				B0E9D5741A808A2600220133 /* DartleManager.m */,
				B0E9D5751A808A2600220133 /* DartleSDK.h */,
				B0E9D5761A808A2600220133 /* DartleSDK.m */,
				B0E9D5771A808A2600220133 /* DartleUtility.h */,
				B0E9D5781A808A2600220133 /* DartleUtility.m */,
				B0E9D5791A808A2600220133 /* OAuthHandler.h */,
				B0E9D57A1A808A2600220133 /* OAuthHandler.m */,
				B0E9D57B1A808A2600220133 /* RestHandler.h */,
				B0E9D57C1A808A2600220133 /* RestHandler.m */,
			);
			path = DartleSDK;
			sourceTree = "<group>";
		};
		B0E9D57F1A808A2600220133 /* Products */ = {
			isa = PBXGroup;
			children = (
				B0E9D5961A808A2600220133 /* libDartleSDK.a */,
			);
			name = Products;
			sourceTree = "<group>";
		};
		B0E9D5811A808A2600220133 /* DartleSDKTests */ = {
			isa = PBXGroup;
			children = (
				B0E9D5821A808A2600220133 /* DartleSDKTests.m */,
				B0E9D5831A808A2600220133 /* Info.plist */,
			);
			path = DartleSDKTests;
			sourceTree = "<group>";
		};
		B0E9D5971A808DBD00220133 /* swift */ = {
			isa = PBXGroup;
			children = (
				B0E9D5981A808DBD00220133 /* build.sh */,
				B0E9D5991A808DBD00220133 /* Fixtures */,
				B0E9D59D1A808DBD00220133 /* PMK.playground */,
				B0E9D59E1A808DBD00220133 /* PromiseKit.xcodeproj */,
				B0E9D5A11A808DBD00220133 /* Sources */,
				B0E9D5BB1A808DBD00220133 /* Specs */,
			);
			name = swift;
			path = "PromiseKit-master 2/swift";
			sourceTree = "<group>";
		};
		B0E9D5991A808DBD00220133 /* Fixtures */ = {
			isa = PBXGroup;
			children = (
				B0E9D59A1A808DBD00220133 /* array.json */,
				B0E9D59B1A808DBD00220133 /* dictionary.json */,
				B0E9D59C1A808DBD00220133 /* plain.text */,
			);
			path = Fixtures;
			sourceTree = "<group>";
		};
		B0E9D59F1A808DBD00220133 /* Products */ = {
			isa = PBXGroup;
			children = (
				B0E9D5F51A808DBD00220133 /* PromiseKit.framework */,
				B0E9D5F71A808DBD00220133 /* PromiseKitTests.xctest */,
				B0E9D5F91A808DBD00220133 /* PMKDemo.app */,
			);
			name = Products;
			sourceTree = "<group>";
		};
		B0E9D5A11A808DBD00220133 /* Sources */ = {
			isa = PBXGroup;
			children = (
				B0E9D5A21A808DBD00220133 /* ACAccountStore+Promise.swift */,
				B0E9D5A31A808DBD00220133 /* after.swift */,
				B0E9D5A41A808DBD00220133 /* AVAudioSession.swift */,
				B0E9D5A51A808DBD00220133 /* CKContainer+Promise.swift */,
				B0E9D5A61A808DBD00220133 /* CKDatabase+Promise.swift */,
				B0E9D5A71A808DBD00220133 /* CLGeocoder+Promise.swift */,
				B0E9D5A81A808DBD00220133 /* CLLocationManager+Promise.swift */,
				B0E9D5A91A808DBD00220133 /* constants.swift */,
				B0E9D5AA1A808DBD00220133 /* misc.swift */,
				B0E9D5AB1A808DBD00220133 /* MKDirections+Promise.swift */,
				B0E9D5AC1A808DBD00220133 /* MKMapSnapshotter+Promise.swift */,
				B0E9D5AD1A808DBD00220133 /* NSFileManager+Promise.swift */,
				B0E9D5AE1A808DBD00220133 /* NSNotificationCenter+Promise.swift */,
				B0E9D5AF1A808DBD00220133 /* NSURLConnection+Promise.swift */,
				B0E9D5B01A808DBD00220133 /* OMGHTTPURLRQ.m */,
				B0E9D5B11A808DBD00220133 /* OMGUserAgent.m */,
				B0E9D5B21A808DBD00220133 /* Promise.swift */,
				B0E9D5B31A808DBD00220133 /* PromiseKit.h */,
				B0E9D5B41A808DBD00220133 /* SKRequest+Promise.swift */,
				B0E9D5B51A808DBD00220133 /* SLRequest+Promise.swift */,
				B0E9D5B61A808DBD00220133 /* UIActionSheet+Promise.swift */,
				B0E9D5B71A808DBD00220133 /* UIAlertView+Promise.swift */,
				B0E9D5B81A808DBD00220133 /* UIView+Promise.swift */,
				B0E9D5B91A808DBD00220133 /* UIViewController+Promise.swift */,
				B0E9D5BA1A808DBD00220133 /* when.swift */,
			);
			path = Sources;
			sourceTree = "<group>";
		};
		B0E9D5BB1A808DBD00220133 /* Specs */ = {
			isa = PBXGroup;
			children = (
				B0E9D5BC1A808DBD00220133 /* NSURLConnection+Promise.test.swift */,
				B0E9D5BD1A808DBD00220133 /* Promise.test.swift */,
				B0E9D5BE1A808DBD00220133 /* Promises:A+ Specs */,
				B0E9D5C81A808DBD00220133 /* test-utils.swift */,
			);
			path = Specs;
			sourceTree = "<group>";
		};
		B0E9D5BE1A808DBD00220133 /* Promises:A+ Specs */ = {
			isa = PBXGroup;
			children = (
				B0E9D5BF1A808DBD00220133 /* 2.1.2.swift */,
				B0E9D5C01A808DBD00220133 /* 2.1.3.swift */,
				B0E9D5C11A808DBD00220133 /* 2.2.2.swift */,
				B0E9D5C21A808DBD00220133 /* 2.2.3.swift */,
				B0E9D5C31A808DBD00220133 /* 2.2.4.swift */,
				B0E9D5C41A808DBD00220133 /* 2.2.6.swift */,
				B0E9D5C51A808DBD00220133 /* 2.3.2.swift */,
				B0E9D5C61A808DBD00220133 /* 2.3.3.swift */,
				B0E9D5C71A808DBD00220133 /* 2.3.4.swift */,
			);
			path = "Promises:A+ Specs";
			sourceTree = "<group>";
		};
/* End PBXGroup section */

/* Begin PBXNativeTarget section */
		B01ECFA51A7DCCAA0038A948 /* Beacon Smasher */ = {
			isa = PBXNativeTarget;
			buildConfigurationList = B01ECFC51A7DCCAA0038A948 /* Build configuration list for PBXNativeTarget "Beacon Smasher" */;
			buildPhases = (
				B01ECFA21A7DCCAA0038A948 /* Sources */,
				B01ECFA31A7DCCAA0038A948 /* Frameworks */,
				B01ECFA41A7DCCAA0038A948 /* Resources */,
			);
			buildRules = (
			);
			dependencies = (
			);
			name = "Beacon Smasher";
			productName = "Beacon Smasher";
			productReference = B01ECFA61A7DCCAA0038A948 /* Beacon Smasher.app */;
			productType = "com.apple.product-type.application";
		};
		B01ECFBA1A7DCCAA0038A948 /* Beacon SmasherTests */ = {
			isa = PBXNativeTarget;
			buildConfigurationList = B01ECFC81A7DCCAA0038A948 /* Build configuration list for PBXNativeTarget "Beacon SmasherTests" */;
			buildPhases = (
				B01ECFB71A7DCCAA0038A948 /* Sources */,
				B01ECFB81A7DCCAA0038A948 /* Frameworks */,
				B01ECFB91A7DCCAA0038A948 /* Resources */,
			);
			buildRules = (
			);
			dependencies = (
				B01ECFBD1A7DCCAA0038A948 /* PBXTargetDependency */,
			);
			name = "Beacon SmasherTests";
			productName = "Beacon SmasherTests";
			productReference = B01ECFBB1A7DCCAA0038A948 /* Beacon SmasherTests.xctest */;
			productType = "com.apple.product-type.bundle.unit-test";
		};
/* End PBXNativeTarget section */

/* Begin PBXProject section */
		B01ECF9E1A7DCCAA0038A948 /* Project object */ = {
			isa = PBXProject;
			attributes = {
				LastUpgradeCheck = 0610;
				ORGANIZATIONNAME = "Steven Peter Elliott";
				TargetAttributes = {
					B01ECFA51A7DCCAA0038A948 = {
						CreatedOnToolsVersion = 6.1.1;
						DevelopmentTeam = LHGNVPN534;
					};
					B01ECFBA1A7DCCAA0038A948 = {
						CreatedOnToolsVersion = 6.1.1;
						TestTargetID = B01ECFA51A7DCCAA0038A948;
					};
				};
			};
			buildConfigurationList = B01ECFA11A7DCCAA0038A948 /* Build configuration list for PBXProject "Beacon Smasher" */;
			compatibilityVersion = "Xcode 3.2";
			developmentRegion = English;
			hasScannedForEncodings = 0;
			knownRegions = (
				en,
				Base,
			);
			mainGroup = B01ECF9D1A7DCCAA0038A948;
			productRefGroup = B01ECFA71A7DCCAA0038A948 /* Products */;
			projectDirPath = "";
			projectReferences = (
				{
					ProductGroup = B0E9D57F1A808A2600220133 /* Products */;
					ProjectRef = B0E9D57E1A808A2600220133 /* DartleSDK.xcodeproj */;
				},
				{
					ProductGroup = B0E9D59F1A808DBD00220133 /* Products */;
					ProjectRef = B0E9D59E1A808DBD00220133 /* PromiseKit.xcodeproj */;
				},
			);
			projectRoot = "";
			targets = (
				B01ECFA51A7DCCAA0038A948 /* Beacon Smasher */,
				B01ECFBA1A7DCCAA0038A948 /* Beacon SmasherTests */,
			);
		};
/* End PBXProject section */

/* Begin PBXReferenceProxy section */
		B0E9D5961A808A2600220133 /* libDartleSDK.a */ = {
			isa = PBXReferenceProxy;
			fileType = archive.ar;
			path = libDartleSDK.a;
			remoteRef = B0E9D5951A808A2600220133 /* PBXContainerItemProxy */;
			sourceTree = BUILT_PRODUCTS_DIR;
		};
		B0E9D5F51A808DBD00220133 /* PromiseKit.framework */ = {
			isa = PBXReferenceProxy;
			fileType = wrapper.framework;
			path = PromiseKit.framework;
			remoteRef = B0E9D5F41A808DBD00220133 /* PBXContainerItemProxy */;
			sourceTree = BUILT_PRODUCTS_DIR;
		};
		B0E9D5F71A808DBD00220133 /* PromiseKitTests.xctest */ = {
			isa = PBXReferenceProxy;
			fileType = wrapper.cfbundle;
			path = PromiseKitTests.xctest;
			remoteRef = B0E9D5F61A808DBD00220133 /* PBXContainerItemProxy */;
			sourceTree = BUILT_PRODUCTS_DIR;
		};
		B0E9D5F91A808DBD00220133 /* PMKDemo.app */ = {
			isa = PBXReferenceProxy;
			fileType = wrapper.application;
			path = PMKDemo.app;
			remoteRef = B0E9D5F81A808DBD00220133 /* PBXContainerItemProxy */;
			sourceTree = BUILT_PRODUCTS_DIR;
		};
/* End PBXReferenceProxy section */

/* Begin PBXResourcesBuildPhase section */
		B01ECFA41A7DCCAA0038A948 /* Resources */ = {
			isa = PBXResourcesBuildPhase;
			buildActionMask = 2147483647;
			files = (
				B0E9D5921A808A2600220133 /* Podfile in Resources */,
				B0E9D5CA1A808DBD00220133 /* array.json in Resources */,
				B01ECFB11A7DCCAA0038A948 /* Main.storyboard in Resources */,
				B01ECFB61A7DCCAA0038A948 /* LaunchScreen.xib in Resources */,
				B0E9D5C91A808DBD00220133 /* build.sh in Resources */,
				B01ECFB31A7DCCAA0038A948 /* Images.xcassets in Resources */,
				B0E9D5911A808A2600220133 /* Info.plist in Resources */,
				B0E9D5CB1A808DBD00220133 /* dictionary.json in Resources */,
				B0E9D58F1A808A2600220133 /* DartleSDK.podspec in Resources */,
			);
			runOnlyForDeploymentPostprocessing = 0;
		};
		B01ECFB91A7DCCAA0038A948 /* Resources */ = {
			isa = PBXResourcesBuildPhase;
			buildActionMask = 2147483647;
			files = (
			);
			runOnlyForDeploymentPostprocessing = 0;
		};
/* End PBXResourcesBuildPhase section */

/* Begin PBXSourcesBuildPhase section */
		B01ECFA21A7DCCAA0038A948 /* Sources */ = {
			isa = PBXSourcesBuildPhase;
			buildActionMask = 2147483647;
			files = (
				B0E9D5D91A808DBD00220133 /* NSNotificationCenter+Promise.swift in Sources */,
				B0E9D58E1A808A2600220133 /* RestHandler.m in Sources */,
				B0E9D5DB1A808DBD00220133 /* OMGHTTPURLRQ.m in Sources */,
				B0E9D5E71A808DBD00220133 /* 2.1.2.swift in Sources */,
				B0E9D5E41A808DBD00220133 /* when.swift in Sources */,
				B0E9D5CC1A808DBD00220133 /* plain.text in Sources */,
				B0E9D5CF1A808DBD00220133 /* AVAudioSession.swift in Sources */,
				B0E9D5EF1A808DBD00220133 /* 2.3.4.swift in Sources */,
				B0E9D5891A808A2600220133 /* DartleBeaconRegion.m in Sources */,
				B0E9D5DF1A808DBD00220133 /* SLRequest+Promise.swift in Sources */,
				B0E9D5E11A808DBD00220133 /* UIAlertView+Promise.swift in Sources */,
				B0E9D5D81A808DBD00220133 /* NSFileManager+Promise.swift in Sources */,
				B0E9D5F01A808DBD00220133 /* test-utils.swift in Sources */,
				B0E9D5DD1A808DBD00220133 /* Promise.swift in Sources */,
				B0E9D5E31A808DBD00220133 /* UIViewController+Promise.swift in Sources */,
				B0E9D5DE1A808DBD00220133 /* SKRequest+Promise.swift in Sources */,
				B0E9D5E51A808DBD00220133 /* NSURLConnection+Promise.test.swift in Sources */,
				B0E9D5E81A808DBD00220133 /* 2.1.3.swift in Sources */,
				B0E9D58A1A808A2600220133 /* DartleManager.m in Sources */,
				B0E9D5D41A808DBD00220133 /* constants.swift in Sources */,
				B01ECFAE1A7DCCAA0038A948 /* ViewController.swift in Sources */,
				B0E9D5EA1A808DBD00220133 /* 2.2.3.swift in Sources */,
				B0E9D5CE1A808DBD00220133 /* after.swift in Sources */,
				B0E9D58D1A808A2600220133 /* OAuthHandler.m in Sources */,
				B0E9D5DA1A808DBD00220133 /* NSURLConnection+Promise.swift in Sources */,
				B0E9D5D51A808DBD00220133 /* misc.swift in Sources */,
				B0E9D5EB1A808DBD00220133 /* 2.2.4.swift in Sources */,
				B0E9D5ED1A808DBD00220133 /* 2.3.2.swift in Sources */,
				B0E9D5861A808A2600220133 /* BeaconManager.m in Sources */,
				B0E9D5EE1A808DBD00220133 /* 2.3.3.swift in Sources */,
				B0E9D5D31A808DBD00220133 /* CLLocationManager+Promise.swift in Sources */,
				B0E9D5EC1A808DBD00220133 /* 2.2.6.swift in Sources */,
				B0E9D58B1A808A2600220133 /* DartleSDK.m in Sources */,
				B0E9D5D01A808DBD00220133 /* CKContainer+Promise.swift in Sources */,
				B0E9D5871A808A2600220133 /* DartleAPI.m in Sources */,
				B0E9D5901A808A2600220133 /* DartleSDKTests.m in Sources */,
				B0E9D5D71A808DBD00220133 /* MKMapSnapshotter+Promise.swift in Sources */,
				B0E9D5E01A808DBD00220133 /* UIActionSheet+Promise.swift in Sources */,
				B0E9D5DC1A808DBD00220133 /* OMGUserAgent.m in Sources */,
				B03EC3C61A7F314100D21881 /* BeaconController.swift in Sources */,
				B0E9D5931A808A2600220133 /* README.md in Sources */,
				B0E9D5D21A808DBD00220133 /* CLGeocoder+Promise.swift in Sources */,
				B01ECFAC1A7DCCAA0038A948 /* AppDelegate.swift in Sources */,
				B0E9D5D11A808DBD00220133 /* CKDatabase+Promise.swift in Sources */,
				B0E9D5E21A808DBD00220133 /* UIView+Promise.swift in Sources */,
				B0E9D5E61A808DBD00220133 /* Promise.test.swift in Sources */,
				B0E9D5D61A808DBD00220133 /* MKDirections+Promise.swift in Sources */,
				B0E9D5E91A808DBD00220133 /* 2.2.2.swift in Sources */,
				B0E9D58C1A808A2600220133 /* DartleUtility.m in Sources */,
				B0E9D5881A808A2600220133 /* DartleBeacon.m in Sources */,
				B0E9D5CD1A808DBD00220133 /* ACAccountStore+Promise.swift in Sources */,
			);
			runOnlyForDeploymentPostprocessing = 0;
		};
		B01ECFB71A7DCCAA0038A948 /* Sources */ = {
			isa = PBXSourcesBuildPhase;
			buildActionMask = 2147483647;
			files = (
				B01ECFC21A7DCCAA0038A948 /* Beacon_SmasherTests.swift in Sources */,
			);
			runOnlyForDeploymentPostprocessing = 0;
		};
/* End PBXSourcesBuildPhase section */

/* Begin PBXTargetDependency section */
		B01ECFBD1A7DCCAA0038A948 /* PBXTargetDependency */ = {
			isa = PBXTargetDependency;
			target = B01ECFA51A7DCCAA0038A948 /* Beacon Smasher */;
			targetProxy = B01ECFBC1A7DCCAA0038A948 /* PBXContainerItemProxy */;
		};
/* End PBXTargetDependency section */

/* Begin PBXVariantGroup section */
		B01ECFAF1A7DCCAA0038A948 /* Main.storyboard */ = {
			isa = PBXVariantGroup;
			children = (
				B01ECFB01A7DCCAA0038A948 /* Base */,
			);
			name = Main.storyboard;
			sourceTree = "<group>";
		};
		B01ECFB41A7DCCAA0038A948 /* LaunchScreen.xib */ = {
			isa = PBXVariantGroup;
			children = (
				B01ECFB51A7DCCAA0038A948 /* Base */,
			);
			name = LaunchScreen.xib;
			sourceTree = "<group>";
		};
/* End PBXVariantGroup section */

/* Begin XCBuildConfiguration section */
		B01ECFC31A7DCCAA0038A948 /* Debug */ = {
			isa = XCBuildConfiguration;
			buildSettings = {
				ALWAYS_SEARCH_USER_PATHS = NO;
				CLANG_CXX_LANGUAGE_STANDARD = "gnu++0x";
				CLANG_CXX_LIBRARY = "libc++";
				CLANG_ENABLE_MODULES = YES;
				CLANG_ENABLE_OBJC_ARC = YES;
				CLANG_WARN_BOOL_CONVERSION = YES;
				CLANG_WARN_CONSTANT_CONVERSION = YES;
				CLANG_WARN_DIRECT_OBJC_ISA_USAGE = YES_ERROR;
				CLANG_WARN_EMPTY_BODY = YES;
				CLANG_WARN_ENUM_CONVERSION = YES;
				CLANG_WARN_INT_CONVERSION = YES;
				CLANG_WARN_OBJC_ROOT_CLASS = YES_ERROR;
				CLANG_WARN_UNREACHABLE_CODE = YES;
				CLANG_WARN__DUPLICATE_METHOD_MATCH = YES;
				"CODE_SIGN_IDENTITY[sdk=iphoneos*]" = "iPhone Developer";
				COPY_PHASE_STRIP = NO;
				ENABLE_STRICT_OBJC_MSGSEND = YES;
				GCC_C_LANGUAGE_STANDARD = gnu99;
				GCC_DYNAMIC_NO_PIC = NO;
				GCC_OPTIMIZATION_LEVEL = 0;
				GCC_PREPROCESSOR_DEFINITIONS = (
					"DEBUG=1",
					"$(inherited)",
				);
				GCC_SYMBOLS_PRIVATE_EXTERN = NO;
				GCC_WARN_64_TO_32_BIT_CONVERSION = YES;
				GCC_WARN_ABOUT_RETURN_TYPE = YES_ERROR;
				GCC_WARN_UNDECLARED_SELECTOR = YES;
				GCC_WARN_UNINITIALIZED_AUTOS = YES_AGGRESSIVE;
				GCC_WARN_UNUSED_FUNCTION = YES;
				GCC_WARN_UNUSED_VARIABLE = YES;
				IPHONEOS_DEPLOYMENT_TARGET = 8.1;
				MTL_ENABLE_DEBUG_INFO = YES;
				ONLY_ACTIVE_ARCH = YES;
				SDKROOT = iphoneos;
				SWIFT_OPTIMIZATION_LEVEL = "-Onone";
				TARGETED_DEVICE_FAMILY = "1,2";
			};
			name = Debug;
		};
		B01ECFC41A7DCCAA0038A948 /* Release */ = {
			isa = XCBuildConfiguration;
			buildSettings = {
				ALWAYS_SEARCH_USER_PATHS = NO;
				CLANG_CXX_LANGUAGE_STANDARD = "gnu++0x";
				CLANG_CXX_LIBRARY = "libc++";
				CLANG_ENABLE_MODULES = YES;
				CLANG_ENABLE_OBJC_ARC = YES;
				CLANG_WARN_BOOL_CONVERSION = YES;
				CLANG_WARN_CONSTANT_CONVERSION = YES;
				CLANG_WARN_DIRECT_OBJC_ISA_USAGE = YES_ERROR;
				CLANG_WARN_EMPTY_BODY = YES;
				CLANG_WARN_ENUM_CONVERSION = YES;
				CLANG_WARN_INT_CONVERSION = YES;
				CLANG_WARN_OBJC_ROOT_CLASS = YES_ERROR;
				CLANG_WARN_UNREACHABLE_CODE = YES;
				CLANG_WARN__DUPLICATE_METHOD_MATCH = YES;
				"CODE_SIGN_IDENTITY[sdk=iphoneos*]" = "iPhone Developer";
				COPY_PHASE_STRIP = YES;
				ENABLE_NS_ASSERTIONS = NO;
				ENABLE_STRICT_OBJC_MSGSEND = YES;
				GCC_C_LANGUAGE_STANDARD = gnu99;
				GCC_WARN_64_TO_32_BIT_CONVERSION = YES;
				GCC_WARN_ABOUT_RETURN_TYPE = YES_ERROR;
				GCC_WARN_UNDECLARED_SELECTOR = YES;
				GCC_WARN_UNINITIALIZED_AUTOS = YES_AGGRESSIVE;
				GCC_WARN_UNUSED_FUNCTION = YES;
				GCC_WARN_UNUSED_VARIABLE = YES;
				IPHONEOS_DEPLOYMENT_TARGET = 8.1;
				MTL_ENABLE_DEBUG_INFO = NO;
				SDKROOT = iphoneos;
				TARGETED_DEVICE_FAMILY = "1,2";
				VALIDATE_PRODUCT = YES;
			};
			name = Release;
		};
		B01ECFC61A7DCCAA0038A948 /* Debug */ = {
			isa = XCBuildConfiguration;
			buildSettings = {
				ASSETCATALOG_COMPILER_APPICON_NAME = AppIcon;
				CODE_SIGN_IDENTITY = "iPhone Developer";
				"CODE_SIGN_IDENTITY[sdk=iphoneos*]" = "iPhone Developer";
				INFOPLIST_FILE = "Beacon Smasher/Info.plist";
				LD_RUNPATH_SEARCH_PATHS = "$(inherited) @executable_path/Frameworks";
				PRODUCT_NAME = "$(TARGET_NAME)";
				PROVISIONING_PROFILE = "";
			};
			name = Debug;
		};
		B01ECFC71A7DCCAA0038A948 /* Release */ = {
			isa = XCBuildConfiguration;
			buildSettings = {
				ASSETCATALOG_COMPILER_APPICON_NAME = AppIcon;
				CODE_SIGN_IDENTITY = "iPhone Developer";
				"CODE_SIGN_IDENTITY[sdk=iphoneos*]" = "iPhone Developer";
				INFOPLIST_FILE = "Beacon Smasher/Info.plist";
				LD_RUNPATH_SEARCH_PATHS = "$(inherited) @executable_path/Frameworks";
				PRODUCT_NAME = "$(TARGET_NAME)";
				PROVISIONING_PROFILE = "";
			};
			name = Release;
		};
		B01ECFC91A7DCCAA0038A948 /* Debug */ = {
			isa = XCBuildConfiguration;
			buildSettings = {
				BUNDLE_LOADER = "$(TEST_HOST)";
				FRAMEWORK_SEARCH_PATHS = (
					"$(SDKROOT)/Developer/Library/Frameworks",
					"$(inherited)",
				);
				GCC_PREPROCESSOR_DEFINITIONS = (
					"DEBUG=1",
					"$(inherited)",
				);
				INFOPLIST_FILE = "Beacon SmasherTests/Info.plist";
				LD_RUNPATH_SEARCH_PATHS = "$(inherited) @executable_path/Frameworks @loader_path/Frameworks";
				PRODUCT_NAME = "$(TARGET_NAME)";
				TEST_HOST = "$(BUILT_PRODUCTS_DIR)/Beacon Smasher.app/Beacon Smasher";
			};
			name = Debug;
		};
		B01ECFCA1A7DCCAA0038A948 /* Release */ = {
			isa = XCBuildConfiguration;
			buildSettings = {
				BUNDLE_LOADER = "$(TEST_HOST)";
				FRAMEWORK_SEARCH_PATHS = (
					"$(SDKROOT)/Developer/Library/Frameworks",
					"$(inherited)",
				);
				INFOPLIST_FILE = "Beacon SmasherTests/Info.plist";
				LD_RUNPATH_SEARCH_PATHS = "$(inherited) @executable_path/Frameworks @loader_path/Frameworks";
				PRODUCT_NAME = "$(TARGET_NAME)";
				TEST_HOST = "$(BUILT_PRODUCTS_DIR)/Beacon Smasher.app/Beacon Smasher";
			};
			name = Release;
		};
/* End XCBuildConfiguration section */

/* Begin XCConfigurationList section */
		B01ECFA11A7DCCAA0038A948 /* Build configuration list for PBXProject "Beacon Smasher" */ = {
			isa = XCConfigurationList;
			buildConfigurations = (
				B01ECFC31A7DCCAA0038A948 /* Debug */,
				B01ECFC41A7DCCAA0038A948 /* Release */,
			);
			defaultConfigurationIsVisible = 0;
			defaultConfigurationName = Release;
		};
		B01ECFC51A7DCCAA0038A948 /* Build configuration list for PBXNativeTarget "Beacon Smasher" */ = {
			isa = XCConfigurationList;
			buildConfigurations = (
				B01ECFC61A7DCCAA0038A948 /* Debug */,
				B01ECFC71A7DCCAA0038A948 /* Release */,
			);
			defaultConfigurationIsVisible = 0;
			defaultConfigurationName = Release;
		};
		B01ECFC81A7DCCAA0038A948 /* Build configuration list for PBXNativeTarget "Beacon SmasherTests" */ = {
			isa = XCConfigurationList;
			buildConfigurations = (
				B01ECFC91A7DCCAA0038A948 /* Debug */,
				B01ECFCA1A7DCCAA0038A948 /* Release */,
			);
			defaultConfigurationIsVisible = 0;
			defaultConfigurationName = Release;
		};
/* End XCConfigurationList section */
	};
	rootObject = B01ECF9E1A7DCCAA0038A948 /* Project object */;
}
